
Microsoft Visual Studio Solution File, Format Version 10.00
# Visual C# Express 2008
Project("{FAE04EC0-301F-11D3-BF4B-00C04F79EFBC}") = "Pool 3.1", "Pool 3.1\Pool 3.1.csproj", "{67EE44CF-B04F-4E1D-B8DF-326335B6005C}"
EndProject
Project("{FAE04EC0-301F-11D3-BF4B-00C04F79EFBC}") = "CustomModelPipeline", "CustomModelPipeline\CustomModelPipeline.csproj", "{D8B8F520-17C9-48B7-8A80-4B8F09104726}"
EndProject
Project("{FAE04EC0-301F-11D3-BF4B-00C04F79EFBC}") = "InstancedModelPipeline", "InstancedModelPipeline\InstancedModelPipeline.csproj", "{8536995C-CAA4-4D09-BD24-27994AD11CC5}"
EndProject
Project("{FAE04EC0-301F-11D3-BF4B-00C04F79EFBC}") = "Xbox 360 - Pool 3.1", "Pool 3.1\Xbox 360 - Pool 3.1.csproj", "{816B8D6E-B43B-4AD4-B566-D47765FF49F5}"
EndProject
Global
	GlobalSection(SolutionConfigurationPlatforms) = preSolution
		Debug|Mixed Platforms = Debug|Mixed Platforms
		Debug|x86 = Debug|x86
		Debug|Xbox 360 = Debug|Xbox 360
		Debug|Zune = Debug|Zune
		Release|Mixed Platforms = Release|Mixed Platforms
		Release|x86 = Release|x86
		Release|Xbox 360 = Release|Xbox 360
		Release|Zune = Release|Zune
	EndGlobalSection
	GlobalSection(ProjectConfigurationPlatforms) = postSolution
		{67EE44CF-B04F-4E1D-B8DF-326335B6005C}.Debug|Mixed Platforms.ActiveCfg = Debug|x86
		{67EE44CF-B04F-4E1D-B8DF-326335B6005C}.Debug|Mixed Platforms.Build.0 = Debug|x86
		{67EE44CF-B04F-4E1D-B8DF-326335B6005C}.Debug|x86.ActiveCfg = Debug|x86
		{67EE44CF-B04F-4E1D-B8DF-326335B6005C}.Debug|x86.Build.0 = Debug|x86
		{67EE44CF-B04F-4E1D-B8DF-326335B6005C}.Debug|Xbox 360.ActiveCfg = Debug|x86
		{67EE44CF-B04F-4E1D-B8DF-326335B6005C}.Debug|Zune.ActiveCfg = Debug|x86
		{67EE44CF-B04F-4E1D-B8DF-326335B6005C}.Release|Mixed Platforms.ActiveCfg = Release|x86
		{67EE44CF-B04F-4E1D-B8DF-326335B6005C}.Release|Mixed Platforms.Build.0 = Release|x86
		{67EE44CF-B04F-4E1D-B8DF-326335B6005C}.Release|x86.ActiveCfg = Release|x86
		{67EE44CF-B04F-4E1D-B8DF-326335B6005C}.Release|x86.Build.0 = Release|x86
		{67EE44CF-B04F-4E1D-B8DF-326335B6005C}.Release|Xbox 360.ActiveCfg = Release|x86
		{67EE44CF-B04F-4E1D-B8DF-326335B6005C}.Release|Zune.ActiveCfg = Release|x86
		{D8B8F520-17C9-48B7-8A80-4B8F09104726}.Debug|Mixed Platforms.ActiveCfg = Debug|Zune
		{D8B8F520-17C9-48B7-8A80-4B8F09104726}.Debug|Mixed Platforms.Build.0 = Debug|Zune
		{D8B8F520-17C9-48B7-8A80-4B8F09104726}.Debug|x86.ActiveCfg = Debug|x86
		{D8B8F520-17C9-48B7-8A80-4B8F09104726}.Debug|x86.Build.0 = Debug|x86
		{D8B8F520-17C9-48B7-8A80-4B8F09104726}.Debug|Xbox 360.ActiveCfg = Debug|Xbox 360
		{D8B8F520-17C9-48B7-8A80-4B8F09104726}.Debug|Xbox 360.Build.0 = Debug|Xbox 360
		{D8B8F520-17C9-48B7-8A80-4B8F09104726}.Debug|Zune.ActiveCfg = Debug|Zune
		{D8B8F520-17C9-48B7-8A80-4B8F09104726}.Debug|Zune.Build.0 = Debug|Zune
		{D8B8F520-17C9-48B7-8A80-4B8F09104726}.Release|Mixed Platforms.ActiveCfg = Release|Zune
		{D8B8F520-17C9-48B7-8A80-4B8F09104726}.Release|Mixed Platforms.Build.0 = Release|Zune
		{D8B8F520-17C9-48B7-8A80-4B8F09104726}.Release|x86.ActiveCfg = Release|x86
		{D8B8F520-17C9-48B7-8A80-4B8F09104726}.Release|x86.Build.0 = Release|x86
		{D8B8F520-17C9-48B7-8A80-4B8F09104726}.Release|Xbox 360.ActiveCfg = Release|Xbox 360
		{D8B8F520-17C9-48B7-8A80-4B8F09104726}.Release|Xbox 360.Build.0 = Release|Xbox 360
		{D8B8F520-17C9-48B7-8A80-4B8F09104726}.Release|Zune.ActiveCfg = Release|Zune
		{D8B8F520-17C9-48B7-8A80-4B8F09104726}.Release|Zune.Build.0 = Release|Zune
		{8536995C-CAA4-4D09-BD24-27994AD11CC5}.Debug|Mixed Platforms.ActiveCfg = Debug|Zune
		{8536995C-CAA4-4D09-BD24-27994AD11CC5}.Debug|Mixed Platforms.Build.0 = Debug|Zune
		{8536995C-CAA4-4D09-BD24-27994AD11CC5}.Debug|x86.ActiveCfg = Debug|x86
		{8536995C-CAA4-4D09-BD24-27994AD11CC5}.Debug|x86.Build.0 = Debug|x86
		{8536995C-CAA4-4D09-BD24-27994AD11CC5}.Debug|Xbox 360.ActiveCfg = Debug|Xbox 360
		{8536995C-CAA4-4D09-BD24-27994AD11CC5}.Debug|Xbox 360.Build.0 = Debug|Xbox 360
		{8536995C-CAA4-4D09-BD24-27994AD11CC5}.Debug|Zune.ActiveCfg = Debug|Zune
		{8536995C-CAA4-4D09-BD24-27994AD11CC5}.Debug|Zune.Build.0 = Debug|Zune
		{8536995C-CAA4-4D09-BD24-27994AD11CC5}.Release|Mixed Platforms.ActiveCfg = Release|Zune
		{8536995C-CAA4-4D09-BD24-27994AD11CC5}.Release|Mixed Platforms.Build.0 = Release|Zune
		{8536995C-CAA4-4D09-BD24-27994AD11CC5}.Release|x86.ActiveCfg = Release|x86
		{8536995C-CAA4-4D09-BD24-27994AD11CC5}.Release|x86.Build.0 = Release|x86
		{8536995C-CAA4-4D09-BD24-27994AD11CC5}.Release|Xbox 360.ActiveCfg = Release|Xbox 360
		{8536995C-CAA4-4D09-BD24-27994AD11CC5}.Release|Xbox 360.Build.0 = Release|Xbox 360
		{8536995C-CAA4-4D09-BD24-27994AD11CC5}.Release|Zune.ActiveCfg = Release|Zune
		{8536995C-CAA4-4D09-BD24-27994AD11CC5}.Release|Zune.Build.0 = Release|Zune
		{8F6A4336-7D7F-448A-9CC8-D51A18657908}.Debug|Mixed Platforms.ActiveCfg = Debug|x86
		{8F6A4336-7D7F-448A-9CC8-D51A18657908}.Debug|x86.ActiveCfg = Debug|x86
		{8F6A4336-7D7F-448A-9CC8-D51A18657908}.Debug|Xbox 360.ActiveCfg = Debug|x86
		{8F6A4336-7D7F-448A-9CC8-D51A18657908}.Debug|Zune.ActiveCfg = Debug|x86
		{8F6A4336-7D7F-448A-9CC8-D51A18657908}.Release|Mixed Platforms.ActiveCfg = Release|x86
		{8F6A4336-7D7F-448A-9CC8-D51A18657908}.Release|x86.ActiveCfg = Release|x86
		{8F6A4336-7D7F-448A-9CC8-D51A18657908}.Release|Xbox 360.ActiveCfg = Release|x86
		{8F6A4336-7D7F-448A-9CC8-D51A18657908}.Release|Zune.ActiveCfg = Release|x86
		{816B8D6E-B43B-4AD4-B566-D47765FF49F5}.Debug|Mixed Platforms.ActiveCfg = Debug|Xbox 360
		{816B8D6E-B43B-4AD4-B566-D47765FF49F5}.Debug|Mixed Platforms.Build.0 = Debug|Xbox 360
		{816B8D6E-B43B-4AD4-B566-D47765FF49F5}.Debug|Mixed Platforms.Deploy.0 = Debug|Xbox 360
		{816B8D6E-B43B-4AD4-B566-D47765FF49F5}.Debug|x86.ActiveCfg = Debug|Xbox 360
		{816B8D6E-B43B-4AD4-B566-D47765FF49F5}.Debug|Xbox 360.ActiveCfg = Debug|Xbox 360
		{816B8D6E-B43B-4AD4-B566-D47765FF49F5}.Debug|Xbox 360.Build.0 = Debug|Xbox 360
		{816B8D6E-B43B-4AD4-B566-D47765FF49F5}.Debug|Xbox 360.Deploy.0 = Debug|Xbox 360
		{816B8D6E-B43B-4AD4-B566-D47765FF49F5}.Debug|Zune.ActiveCfg = Debug|Xbox 360
		{816B8D6E-B43B-4AD4-B566-D47765FF49F5}.Release|Mixed Platforms.ActiveCfg = Release|Xbox 360
		{816B8D6E-B43B-4AD4-B566-D47765FF49F5}.Release|Mixed Platforms.Build.0 = Release|Xbox 360
		{816B8D6E-B43B-4AD4-B566-D47765FF49F5}.Release|Mixed Platforms.Deploy.0 = Release|Xbox 360
		{816B8D6E-B43B-4AD4-B566-D47765FF49F5}.Release|x86.ActiveCfg = Release|Xbox 360
		{816B8D6E-B43B-4AD4-B566-D47765FF49F5}.Release|Xbox 360.ActiveCfg = Release|Xbox 360
		{816B8D6E-B43B-4AD4-B566-D47765FF49F5}.Release|Xbox 360.Build.0 = Release|Xbox 360
		{816B8D6E-B43B-4AD4-B566-D47765FF49F5}.Release|Xbox 360.Deploy.0 = Release|Xbox 360
		{816B8D6E-B43B-4AD4-B566-D47765FF49F5}.Release|Zune.ActiveCfg = Release|Xbox 360
	EndGlobalSection
	GlobalSection(SolutionProperties) = preSolution
		HideSolutionNode = FALSE
	EndGlobalSection
EndGlobal
